
Microsoft Visual Studio Solution File, Format Version 12.00
# Visual Studio Version 17
VisualStudioVersion = 17.0.31903.59
MinimumVisualStudioVersion = 10.0.40219.1
Project("{FAE04EC0-301F-11D3-BF4B-00C04F79EFBC}") = "ChessEmulator", "src\ChessEmulator\ChessEmulator.csproj", "{6F1E2C84-9D53-4F1D-9D1B-2A9A3E5B7C10}"
EndProject
Project("{2150E333-8FDC-42A3-9474-1A3956D46DE8}") = "tests", "tests", "{0AB3BF05-4346-4AA6-1389-037BE0695223}"
EndProject
Project("{FAE04EC0-301F-11D3-BF4B-00C04F79EFBC}") = "ChessEmulator.CoreTests", "tests\ChessEmulator.CoreTests\ChessEmulator.CoreTests.csproj", "{C5C4B4BB-6C0A-42D9-957C-CFF7EEDB7075}"
EndProject
Project("{2150E333-8FDC-42A3-9474-1A3956D46DE8}") = "src", "src", "{827E0CD3-B72D-47B6-A68D-7590B98EB39B}"
EndProject
Project("{FAE04EC0-301F-11D3-BF4B-00C04F79EFBC}") = "FakeUciEngine", "tests\FakeUciEngine\FakeUciEngine.csproj", "{478C021E-861D-4252-B263-1C94F773D83B}"
EndProject
Project("{FAE04EC0-301F-11D3-BF4B-00C04F79EFBC}") = "ChessEmulator.EngineTests", "tests\ChessEmulator.EngineTests\ChessEmulator.EngineTests.csproj", "{1C56CEB6-F2DD-47C5-B2BC-DF9FBB722ED7}"
EndProject
Project("{FAE04EC0-301F-11D3-BF4B-00C04F79EFBC}") = "TestKit", "tests\TestKit\TestKit.csproj", "{82A31D4E-3791-4992-B074-58D1029630AC}"
EndProject
Project("{FAE04EC0-301F-11D3-BF4B-00C04F79EFBC}") = "ChessEmulator.UiTests", "tests\ChessEmulator.UiTests\ChessEmulator.UiTests.csproj", "{8658FB0B-380E-4A74-83A7-71471FD4A6F7}"
EndProject
Global
	GlobalSection(SolutionConfigurationPlatforms) = preSolution
		Debug|Any CPU = Debug|Any CPU
		Debug|x64 = Debug|x64
		Debug|x86 = Debug|x86
		Release|Any CPU = Release|Any CPU
		Release|x64 = Release|x64
		Release|x86 = Release|x86
	EndGlobalSection
	GlobalSection(ProjectConfigurationPlatforms) = postSolution
		{6F1E2C84-9D53-4F1D-9D1B-2A9A3E5B7C10}.Debug|Any CPU.ActiveCfg = Debug|Any CPU
		{6F1E2C84-9D53-4F1D-9D1B-2A9A3E5B7C10}.Debug|Any CPU.Build.0 = Debug|Any CPU
		{6F1E2C84-9D53-4F1D-9D1B-2A9A3E5B7C10}.Debug|x64.ActiveCfg = Debug|Any CPU
		{6F1E2C84-9D53-4F1D-9D1B-2A9A3E5B7C10}.Debug|x64.Build.0 = Debug|Any CPU
		{6F1E2C84-9D53-4F1D-9D1B-2A9A3E5B7C10}.Debug|x86.ActiveCfg = Debug|Any CPU
		{6F1E2C84-9D53-4F1D-9D1B-2A9A3E5B7C10}.Debug|x86.Build.0 = Debug|Any CPU
		{6F1E2C84-9D53-4F1D-9D1B-2A9A3E5B7C10}.Release|Any CPU.ActiveCfg = Release|Any CPU
		{6F1E2C84-9D53-4F1D-9D1B-2A9A3E5B7C10}.Release|Any CPU.Build.0 = Release|Any CPU
		{6F1E2C84-9D53-4F1D-9D1B-2A9A3E5B7C10}.Release|x64.ActiveCfg = Release|Any CPU
		{6F1E2C84-9D53-4F1D-9D1B-2A9A3E5B7C10}.Release|x64.Build.0 = Release|Any CPU
		{6F1E2C84-9D53-4F1D-9D1B-2A9A3E5B7C10}.Release|x86.ActiveCfg = Release|Any CPU
		{6F1E2C84-9D53-4F1D-9D1B-2A9A3E5B7C10}.Release|x86.Build.0 = Release|Any CPU
		{C5C4B4BB-6C0A-42D9-957C-CFF7EEDB7075}.Debug|Any CPU.ActiveCfg = Debug|Any CPU
		{C5C4B4BB-6C0A-42D9-957C-CFF7EEDB7075}.Debug|Any CPU.Build.0 = Debug|Any CPU
		{C5C4B4BB-6C0A-42D9-957C-CFF7EEDB7075}.Debug|x64.ActiveCfg = Debug|Any CPU
		{C5C4B4BB-6C0A-42D9-957C-CFF7EEDB7075}.Debug|x64.Build.0 = Debug|Any CPU
		{C5C4B4BB-6C0A-42D9-957C-CFF7EEDB7075}.Debug|x86.ActiveCfg = Debug|Any CPU
		{C5C4B4BB-6C0A-42D9-957C-CFF7EEDB7075}.Debug|x86.Build.0 = Debug|Any CPU
		{C5C4B4BB-6C0A-42D9-957C-CFF7EEDB7075}.Release|Any CPU.ActiveCfg = Release|Any CPU
		{C5C4B4BB-6C0A-42D9-957C-CFF7EEDB7075}.Release|Any CPU.Build.0 = Release|Any CPU
		{C5C4B4BB-6C0A-42D9-957C-CFF7EEDB7075}.Release|x64.ActiveCfg = Release|Any CPU
		{C5C4B4BB-6C0A-42D9-957C-CFF7EEDB7075}.Release|x64.Build.0 = Release|Any CPU
		{C5C4B4BB-6C0A-42D9-957C-CFF7EEDB7075}.Release|x86.ActiveCfg = Release|Any CPU
		{C5C4B4BB-6C0A-42D9-957C-CFF7EEDB7075}.Release|x86.Build.0 = Release|Any CPU
		{478C021E-861D-4252-B263-1C94F773D83B}.Debug|Any CPU.ActiveCfg = Debug|Any CPU
		{478C021E-861D-4252-B263-1C94F773D83B}.Debug|Any CPU.Build.0 = Debug|Any CPU
		{478C021E-861D-4252-B263-1C94F773D83B}.Debug|x64.ActiveCfg = Debug|Any CPU
		{478C021E-861D-4252-B263-1C94F773D83B}.Debug|x64.Build.0 = Debug|Any CPU
		{478C021E-861D-4252-B263-1C94F773D83B}.Debug|x86.ActiveCfg = Debug|Any CPU
		{478C021E-861D-4252-B263-1C94F773D83B}.Debug|x86.Build.0 = Debug|Any CPU
		{478C021E-861D-4252-B263-1C94F773D83B}.Release|Any CPU.ActiveCfg = Release|Any CPU
		{478C021E-861D-4252-B263-1C94F773D83B}.Release|Any CPU.Build.0 = Release|Any CPU
		{478C021E-861D-4252-B263-1C94F773D83B}.Release|x64.ActiveCfg = Release|Any CPU
		{478C021E-861D-4252-B263-1C94F773D83B}.Release|x64.Build.0 = Release|Any CPU
		{478C021E-861D-4252-B263-1C94F773D83B}.Release|x86.ActiveCfg = Release|Any CPU
		{478C021E-861D-4252-B263-1C94F773D83B}.Release|x86.Build.0 = Release|Any CPU
		{1C56CEB6-F2DD-47C5-B2BC-DF9FBB722ED7}.Debug|Any CPU.ActiveCfg = Debug|Any CPU
		{1C56CEB6-F2DD-47C5-B2BC-DF9FBB722ED7}.Debug|Any CPU.Build.0 = Debug|Any CPU
		{1C56CEB6-F2DD-47C5-B2BC-DF9FBB722ED7}.Debug|x64.ActiveCfg = Debug|Any CPU
		{1C56CEB6-F2DD-47C5-B2BC-DF9FBB722ED7}.Debug|x64.Build.0 = Debug|Any CPU
		{1C56CEB6-F2DD-47C5-B2BC-DF9FBB722ED7}.Debug|x86.ActiveCfg = Debug|Any CPU
		{1C56CEB6-F2DD-47C5-B2BC-DF9FBB722ED7}.Debug|x86.Build.0 = Debug|Any CPU
		{1C56CEB6-F2DD-47C5-B2BC-DF9FBB722ED7}.Release|Any CPU.ActiveCfg = Release|Any CPU
		{1C56CEB6-F2DD-47C5-B2BC-DF9FBB722ED7}.Release|Any CPU.Build.0 = Release|Any CPU
		{1C56CEB6-F2DD-47C5-B2BC-DF9FBB722ED7}.Release|x64.ActiveCfg = Release|Any CPU
		{1C56CEB6-F2DD-47C5-B2BC-DF9FBB722ED7}.Release|x64.Build.0 = Release|Any CPU
		{1C56CEB6-F2DD-47C5-B2BC-DF9FBB722ED7}.Release|x86.ActiveCfg = Release|Any CPU
		{1C56CEB6-F2DD-47C5-B2BC-DF9FBB722ED7}.Release|x86.Build.0 = Release|Any CPU
		{82A31D4E-3791-4992-B074-58D1029630AC}.Debug|Any CPU.ActiveCfg = Debug|Any CPU
		{82A31D4E-3791-4992-B074-58D1029630AC}.Debug|Any CPU.Build.0 = Debug|Any CPU
		{82A31D4E-3791-4992-B074-58D1029630AC}.Debug|x64.ActiveCfg = Debug|Any CPU
		{82A31D4E-3791-4992-B074-58D1029630AC}.Debug|x64.Build.0 = Debug|Any CPU
		{82A31D4E-3791-4992-B074-58D1029630AC}.Debug|x86.ActiveCfg = Debug|Any CPU
		{82A31D4E-3791-4992-B074-58D1029630AC}.Debug|x86.Build.0 = Debug|Any CPU
		{82A31D4E-3791-4992-B074-58D1029630AC}.Release|Any CPU.ActiveCfg = Release|Any CPU
		{82A31D4E-3791-4992-B074-58D1029630AC}.Release|Any CPU.Build.0 = Release|Any CPU
		{82A31D4E-3791-4992-B074-58D1029630AC}.Release|x64.ActiveCfg = Release|Any CPU
		{82A31D4E-3791-4992-B074-58D1029630AC}.Release|x64.Build.0 = Release|Any CPU
		{82A31D4E-3791-4992-B074-58D1029630AC}.Release|x86.ActiveCfg = Release|Any CPU
		{82A31D4E-3791-4992-B074-58D1029630AC}.Release|x86.Build.0 = Release|Any CPU
		{8658FB0B-380E-4A74-83A7-71471FD4A6F7}.Debug|Any CPU.ActiveCfg = Debug|Any CPU
		{8658FB0B-380E-4A74-83A7-71471FD4A6F7}.Debug|Any CPU.Build.0 = Debug|Any CPU
		{8658FB0B-380E-4A74-83A7-71471FD4A6F7}.Debug|x64.ActiveCfg = Debug|Any CPU
		{8658FB0B-380E-4A74-83A7-71471FD4A6F7}.Debug|x64.Build.0 = Debug|Any CPU
		{8658FB0B-380E-4A74-83A7-71471FD4A6F7}.Debug|x86.ActiveCfg = Debug|Any CPU
		{8658FB0B-380E-4A74-83A7-71471FD4A6F7}.Debug|x86.Build.0 = Debug|Any CPU
		{8658FB0B-380E-4A74-83A7-71471FD4A6F7}.Release|Any CPU.ActiveCfg = Release|Any CPU
		{8658FB0B-380E-4A74-83A7-71471FD4A6F7}.Release|Any CPU.Build.0 = Release|Any CPU
		{8658FB0B-380E-4A74-83A7-71471FD4A6F7}.Release|x64.ActiveCfg = Release|Any CPU
		{8658FB0B-380E-4A74-83A7-71471FD4A6F7}.Release|x64.Build.0 = Release|Any CPU
		{8658FB0B-380E-4A74-83A7-71471FD4A6F7}.Release|x86.ActiveCfg = Release|Any CPU
		{8658FB0B-380E-4A74-83A7-71471FD4A6F7}.Release|x86.Build.0 = Release|Any CPU
	EndGlobalSection
	GlobalSection(SolutionProperties) = preSolution
		HideSolutionNode = FALSE
	EndGlobalSection
	GlobalSection(NestedProjects) = preSolution
		{C5C4B4BB-6C0A-42D9-957C-CFF7EEDB7075} = {0AB3BF05-4346-4AA6-1389-037BE0695223}
		{478C021E-861D-4252-B263-1C94F773D83B} = {0AB3BF05-4346-4AA6-1389-037BE0695223}
		{1C56CEB6-F2DD-47C5-B2BC-DF9FBB722ED7} = {0AB3BF05-4346-4AA6-1389-037BE0695223}
		{82A31D4E-3791-4992-B074-58D1029630AC} = {0AB3BF05-4346-4AA6-1389-037BE0695223}
		{8658FB0B-380E-4A74-83A7-71471FD4A6F7} = {0AB3BF05-4346-4AA6-1389-037BE0695223}
	EndGlobalSection
EndGlobal
